
Microsoft Visual Studio Solution File, Format Version 12.00
# Visual Studio Version 17
VisualStudioVersion = 17.3.32811.315
MinimumVisualStudioVersion = 10.0.40219.1
Project("{FAE04EC0-301F-11D3-BF4B-00C04F79EFBC}") = "API", "API\API.csproj", "{5751E3A1-6D46-4604-A3EF-ADCA8A1436AC}"
EndProject
Global
	GlobalSection(SolutionConfigurationPlatforms) = preSolution
		Debug|Any CPU = Debug|Any CPU
		Release|Any CPU = Release|Any CPU
	EndGlobalSection
	GlobalSection(ProjectConfigurationPlatforms) = postSolution
		{5751E3A1-6D46-4604-A3EF-ADCA8A1436AC}.Debug|Any CPU.ActiveCfg = Debug|Any CPU
		{5751E3A1-6D46-4604-A3EF-ADCA8A1436AC}.Debug|Any CPU.Build.0 = Debug|Any CPU
		{5751E3A1-6D46-4604-A3EF-ADCA8A1436AC}.Release|Any CPU.ActiveCfg = Release|Any CPU
		{5751E3A1-6D46-4604-A3EF-ADCA8A1436AC}.Release|Any CPU.Build.0 = Release|Any CPU
	EndGlobalSection
	GlobalSection(SolutionProperties) = preSolution
		HideSolutionNode = FALSE
	EndGlobalSection
	GlobalSection(ExtensibilityGlobals) = postSolution
		SolutionGuid = {2F618448-6243-4C34-B95A-26C08293D4FA}
	EndGlobalSection
EndGlobal
